
Microsoft Visual Studio Solution File, Format Version 12.00
# Visual Studio Version 17
VisualStudioVersion = 17.8.34316.72
MinimumVisualStudioVersion = 10.0.40219.1
Project("{9A19103F-16F7-4668-BE54-9A1E7A4F7556}") = "AdventOfCode1", "AdventOfCode1\AdventOfCode1.csproj", "{789863B1-1681-46AD-A19E-0242CF08BB07}"
EndProject
Project("{9A19103F-16F7-4668-BE54-9A1E7A4F7556}") = "AdventOfCode2", "AdventOfCode2\AdventOfCode2.csproj", "{EF62C3D8-560E-4E93-ADDB-71F329A830CF}"
EndProject
Project("{9A19103F-16F7-4668-BE54-9A1E7A4F7556}") = "AdventOfCode3", "AdventOfCode3\AdventOfCode3.csproj", "{EB6F6BFF-464B-4F50-88DA-C3E2532A8827}"
EndProject
Project("{9A19103F-16F7-4668-BE54-9A1E7A4F7556}") = "AdventOfCode4", "AdventOfCode4\AdventOfCode4.csproj", "{F3097F87-9365-4F30-928D-CCA467598FFA}"
EndProject
Project("{9A19103F-16F7-4668-BE54-9A1E7A4F7556}") = "AdventOfCode5", "AdventOfCode5\AdventOfCode5.csproj", "{47ECE63D-483A-4F6A-BADD-97CC7375862D}"
EndProject
Project("{9A19103F-16F7-4668-BE54-9A1E7A4F7556}") = "AdventOfCode6", "AdventOfCode6\AdventOfCode6.csproj", "{989A89F8-EE17-4925-83A4-8B0734A54DD5}"
EndProject
Project("{9A19103F-16F7-4668-BE54-9A1E7A4F7556}") = "AdventOfCode7", "AdventOfCode7\AdventOfCode7.csproj", "{05C211B3-52EB-4A77-A090-FAE1CE35DF2A}"
EndProject
Project("{9A19103F-16F7-4668-BE54-9A1E7A4F7556}") = "AdventOfCode8", "AdventOfCode8\AdventOfCode8.csproj", "{8EEA0876-2CF5-465A-8654-D11BAD035AB6}"
EndProject
Project("{FAE04EC0-301F-11D3-BF4B-00C04F79EFBC}") = "AdventOfCode9", "AdventOfCode9\AdventOfCode9.csproj", "{924877A2-2C2E-402C-AF75-9CC9A3F83CA5}"
EndProject
Project("{FAE04EC0-301F-11D3-BF4B-00C04F79EFBC}") = "AdventOfCode10", "AdventOfCode10\AdventOfCode10.csproj", "{B3891742-4947-4F74-B596-45FFAA0C1428}"
EndProject
Project("{FAE04EC0-301F-11D3-BF4B-00C04F79EFBC}") = "AdventOfCode11", "AdventOfCode11\AdventOfCode11.csproj", "{9797C3C2-14BE-4C6B-941E-04B275CDC103}"
EndProject
Global
	GlobalSection(SolutionConfigurationPlatforms) = preSolution
		Debug|Any CPU = Debug|Any CPU
		Release|Any CPU = Release|Any CPU
	EndGlobalSection
	GlobalSection(ProjectConfigurationPlatforms) = postSolution
		{789863B1-1681-46AD-A19E-0242CF08BB07}.Debug|Any CPU.ActiveCfg = Debug|Any CPU
		{789863B1-1681-46AD-A19E-0242CF08BB07}.Debug|Any CPU.Build.0 = Debug|Any CPU
		{789863B1-1681-46AD-A19E-0242CF08BB07}.Release|Any CPU.ActiveCfg = Release|Any CPU
		{789863B1-1681-46AD-A19E-0242CF08BB07}.Release|Any CPU.Build.0 = Release|Any CPU
		{EF62C3D8-560E-4E93-ADDB-71F329A830CF}.Debug|Any CPU.ActiveCfg = Debug|Any CPU
		{EF62C3D8-560E-4E93-ADDB-71F329A830CF}.Debug|Any CPU.Build.0 = Debug|Any CPU
		{EF62C3D8-560E-4E93-ADDB-71F329A830CF}.Release|Any CPU.ActiveCfg = Release|Any CPU
		{EF62C3D8-560E-4E93-ADDB-71F329A830CF}.Release|Any CPU.Build.0 = Release|Any CPU
		{EB6F6BFF-464B-4F50-88DA-C3E2532A8827}.Debug|Any CPU.ActiveCfg = Debug|Any CPU
		{EB6F6BFF-464B-4F50-88DA-C3E2532A8827}.Debug|Any CPU.Build.0 = Debug|Any CPU
		{EB6F6BFF-464B-4F50-88DA-C3E2532A8827}.Release|Any CPU.ActiveCfg = Release|Any CPU
		{EB6F6BFF-464B-4F50-88DA-C3E2532A8827}.Release|Any CPU.Build.0 = Release|Any CPU
		{F3097F87-9365-4F30-928D-CCA467598FFA}.Debug|Any CPU.ActiveCfg = Debug|Any CPU
		{F3097F87-9365-4F30-928D-CCA467598FFA}.Debug|Any CPU.Build.0 = Debug|Any CPU
		{F3097F87-9365-4F30-928D-CCA467598FFA}.Release|Any CPU.ActiveCfg = Release|Any CPU
		{F3097F87-9365-4F30-928D-CCA467598FFA}.Release|Any CPU.Build.0 = Release|Any CPU
		{47ECE63D-483A-4F6A-BADD-97CC7375862D}.Debug|Any CPU.ActiveCfg = Debug|Any CPU
		{47ECE63D-483A-4F6A-BADD-97CC7375862D}.Debug|Any CPU.Build.0 = Debug|Any CPU
		{47ECE63D-483A-4F6A-BADD-97CC7375862D}.Release|Any CPU.ActiveCfg = Release|Any CPU
		{47ECE63D-483A-4F6A-BADD-97CC7375862D}.Release|Any CPU.Build.0 = Release|Any CPU
		{989A89F8-EE17-4925-83A4-8B0734A54DD5}.Debug|Any CPU.ActiveCfg = Debug|Any CPU
		{989A89F8-EE17-4925-83A4-8B0734A54DD5}.Debug|Any CPU.Build.0 = Debug|Any CPU
		{989A89F8-EE17-4925-83A4-8B0734A54DD5}.Release|Any CPU.ActiveCfg = Release|Any CPU
		{989A89F8-EE17-4925-83A4-8B0734A54DD5}.Release|Any CPU.Build.0 = Release|Any CPU
		{05C211B3-52EB-4A77-A090-FAE1CE35DF2A}.Debug|Any CPU.ActiveCfg = Debug|Any CPU
		{05C211B3-52EB-4A77-A090-FAE1CE35DF2A}.Debug|Any CPU.Build.0 = Debug|Any CPU
		{05C211B3-52EB-4A77-A090-FAE1CE35DF2A}.Release|Any CPU.ActiveCfg = Release|Any CPU
		{05C211B3-52EB-4A77-A090-FAE1CE35DF2A}.Release|Any CPU.Build.0 = Release|Any CPU
		{8EEA0876-2CF5-465A-8654-D11BAD035AB6}.Debug|Any CPU.ActiveCfg = Debug|Any CPU
		{8EEA0876-2CF5-465A-8654-D11BAD035AB6}.Debug|Any CPU.Build.0 = Debug|Any CPU
		{8EEA0876-2CF5-465A-8654-D11BAD035AB6}.Release|Any CPU.ActiveCfg = Release|Any CPU
		{8EEA0876-2CF5-465A-8654-D11BAD035AB6}.Release|Any CPU.Build.0 = Release|Any CPU
		{924877A2-2C2E-402C-AF75-9CC9A3F83CA5}.Debug|Any CPU.ActiveCfg = Debug|Any CPU
		{924877A2-2C2E-402C-AF75-9CC9A3F83CA5}.Debug|Any CPU.Build.0 = Debug|Any CPU
		{924877A2-2C2E-402C-AF75-9CC9A3F83CA5}.Release|Any CPU.ActiveCfg = Release|Any CPU
		{924877A2-2C2E-402C-AF75-9CC9A3F83CA5}.Release|Any CPU.Build.0 = Release|Any CPU
		{B3891742-4947-4F74-B596-45FFAA0C1428}.Debug|Any CPU.ActiveCfg = Debug|Any CPU
		{B3891742-4947-4F74-B596-45FFAA0C1428}.Debug|Any CPU.Build.0 = Debug|Any CPU
		{B3891742-4947-4F74-B596-45FFAA0C1428}.Release|Any CPU.ActiveCfg = Release|Any CPU
		{B3891742-4947-4F74-B596-45FFAA0C1428}.Release|Any CPU.Build.0 = Release|Any CPU
		{9797C3C2-14BE-4C6B-941E-04B275CDC103}.Debug|Any CPU.ActiveCfg = Debug|Any CPU
		{9797C3C2-14BE-4C6B-941E-04B275CDC103}.Debug|Any CPU.Build.0 = Debug|Any CPU
		{9797C3C2-14BE-4C6B-941E-04B275CDC103}.Release|Any CPU.ActiveCfg = Release|Any CPU
		{9797C3C2-14BE-4C6B-941E-04B275CDC103}.Release|Any CPU.Build.0 = Release|Any CPU
	EndGlobalSection
	GlobalSection(SolutionProperties) = preSolution
		HideSolutionNode = FALSE
	EndGlobalSection
	GlobalSection(ExtensibilityGlobals) = postSolution
		SolutionGuid = {B09B7252-4F6F-461F-9728-D2DBB859668E}
	EndGlobalSection
EndGlobal
